
Microsoft Visual Studio Solution File, Format Version 12.00
# Visual Studio Version 17
VisualStudioVersion = 17.8.34316.72
MinimumVisualStudioVersion = 10.0.40219.1
Project("{9A19103F-16F7-4668-BE54-9A1E7A4F7556}") = "BOOKMAN", "BOOKMAN\BOOKMAN.csproj", "{EDA803E3-F888-4CC4-970D-D0039270328F}"
EndProject
Project("{9A19103F-16F7-4668-BE54-9A1E7A4F7556}") = "BOOKMAN.ConsoleApp", "BOOKMAN.ConsoleApp\BOOKMAN.ConsoleApp.csproj", "{4D36FC2E-FEE7-482E-BD21-1F6496363BD7}"
EndProject
Global
	GlobalSection(SolutionConfigurationPlatforms) = preSolution
		Debug|Any CPU = Debug|Any CPU
		Release|Any CPU = Release|Any CPU
	EndGlobalSection
	GlobalSection(ProjectConfigurationPlatforms) = postSolution
		{EDA803E3-F888-4CC4-970D-D0039270328F}.Debug|Any CPU.ActiveCfg = Debug|Any CPU
		{EDA803E3-F888-4CC4-970D-D0039270328F}.Debug|Any CPU.Build.0 = Debug|Any CPU
		{EDA803E3-F888-4CC4-970D-D0039270328F}.Release|Any CPU.ActiveCfg = Release|Any CPU
		{EDA803E3-F888-4CC4-970D-D0039270328F}.Release|Any CPU.Build.0 = Release|Any CPU
		{4D36FC2E-FEE7-482E-BD21-1F6496363BD7}.Debug|Any CPU.ActiveCfg = Debug|Any CPU
		{4D36FC2E-FEE7-482E-BD21-1F6496363BD7}.Debug|Any CPU.Build.0 = Debug|Any CPU
		{4D36FC2E-FEE7-482E-BD21-1F6496363BD7}.Release|Any CPU.ActiveCfg = Release|Any CPU
		{4D36FC2E-FEE7-482E-BD21-1F6496363BD7}.Release|Any CPU.Build.0 = Release|Any CPU
	EndGlobalSection
	GlobalSection(SolutionProperties) = preSolution
		HideSolutionNode = FALSE
	EndGlobalSection
	GlobalSection(ExtensibilityGlobals) = postSolution
		SolutionGuid = {005C2A91-42F1-427E-A545-DEA70BD281FB}
	EndGlobalSection
EndGlobal
